
Microsoft Visual Studio Solution File, Format Version 12.00
# Visual Studio 15
VisualStudioVersion = 15.0.27428.2015
MinimumVisualStudioVersion = 10.0.40219.1
Project("{FAE04EC0-301F-11D3-BF4B-00C04F79EFBC}") = "WebApplication1", "WebApplication1\WebApplication1.csproj", "{90FBF651-31DE-43A2-8E00-65B037B89375}"
EndProject
Global
	GlobalSection(SolutionConfigurationPlatforms) = preSolution
		Debug|Any CPU = Debug|Any CPU
		Release|Any CPU = Release|Any CPU
	EndGlobalSection
	GlobalSection(ProjectConfigurationPlatforms) = postSolution
		{90FBF651-31DE-43A2-8E00-65B037B89375}.Debug|Any CPU.ActiveCfg = Debug|Any CPU
		{90FBF651-31DE-43A2-8E00-65B037B89375}.Debug|Any CPU.Build.0 = Debug|Any CPU
		{90FBF651-31DE-43A2-8E00-65B037B89375}.Release|Any CPU.ActiveCfg = Release|Any CPU
		{90FBF651-31DE-43A2-8E00-65B037B89375}.Release|Any CPU.Build.0 = Release|Any CPU
	EndGlobalSection
	GlobalSection(SolutionProperties) = preSolution
		HideSolutionNode = FALSE
	EndGlobalSection
	GlobalSection(ExtensibilityGlobals) = postSolution
		SolutionGuid = {EBB882C5-804E-4F12-A654-850C4E6891F5}
	EndGlobalSection
EndGlobal
